{
  "name": "project-tracker-automation",
  "version": "1.0.0",
  "lockfileVersion": 3,
  "requires": true,
  "packages": {
    "": {
      "name": "project-tracker-automation",
      "version": "1.0.0",
      "license": "ISC",
      "dependencies": {
        "dotenv": "^17.4.0",
        "v0-sdk": "^0.16.4"
      }
    },
    "node_modules/dotenv": {
      "version": "17.4.0",
      "resolved": "https://registry.npmjs.org/dotenv/-/dotenv-17.4.0.tgz",
      "integrity": "sha512-kCKF62fwtzwYm0IGBNjRUjtJgMfGapII+FslMHIjMR5KTnwEmBmWLDRSnc3XSNP8bNy34tekgQyDT0hr7pERRQ==",
      "license": "BSD-2-Clause",
      "engines": {
        "node": ">=12"
      },
      "funding": {
        "url": "https://dotenvx.com"
      }
    },
    "node_modules/v0-sdk": {
      "version": "0.16.4",
      "resolved": "https://registry.npmjs.org/v0-sdk/-/v0-sdk-0.16.4.tgz",
      "integrity": "sha512-ByYyxGbdx1Ab/sTpIK5krf/aK7ATvjWxRiBlqR3f4C4BMh+PzfRzkG/dhOe1lYDYRORQfT4a+SqWcXIGqNsF9w==",
      "license": "Apache-2.0",
      "engines": {
        "node": ">=22",
        "pnpm": ">=9"
      }
    }
  }
}
